
Microsoft Visual Studio Solution File, Format Version 12.00
# Visual Studio Version 17
VisualStudioVersion = 17.7.34031.279
MinimumVisualStudioVersion = 10.0.40219.1
Project("{FAE04EC0-301F-11D3-BF4B-00C04F79EFBC}") = "PokemonProxy", "PokemonProxy\PokemonProxy.csproj", "{1FC836C8-DC79-405D-B3C4-0E7226079449}"
EndProject
Global
	GlobalSection(SolutionConfigurationPlatforms) = preSolution
		Debug|Any CPU = Debug|Any CPU
		Release|Any CPU = Release|Any CPU
	EndGlobalSection
	GlobalSection(ProjectConfigurationPlatforms) = postSolution
		{1FC836C8-DC79-405D-B3C4-0E7226079449}.Debug|Any CPU.ActiveCfg = Debug|Any CPU
		{1FC836C8-DC79-405D-B3C4-0E7226079449}.Debug|Any CPU.Build.0 = Debug|Any CPU
		{1FC836C8-DC79-405D-B3C4-0E7226079449}.Release|Any CPU.ActiveCfg = Release|Any CPU
		{1FC836C8-DC79-405D-B3C4-0E7226079449}.Release|Any CPU.Build.0 = Release|Any CPU
	EndGlobalSection
	GlobalSection(SolutionProperties) = preSolution
		HideSolutionNode = FALSE
	EndGlobalSection
	GlobalSection(ExtensibilityGlobals) = postSolution
		SolutionGuid = {72329C1B-DBA0-4C6F-8BEE-21DD4D38CCF4}
	EndGlobalSection
EndGlobal
